{
  "version": 4,
  "terraform_version": "1.14.0",
  "serial": 325,
  "lineage": "67e8ec12-e7c1-8266-264e-f82c60987556",
  "outputs": {
    "db_endpoint": {
      "value": "db-obli.ctc2me0iuyv1.us-east-1.rds.amazonaws.com",
      "type": "string"
    }
  },
  "resources": [
    {
      "module": "module.alb",
      "mode": "managed",
      "type": "aws_lb",
      "name": "application_lb",
      "provider": "provider[\"registry.terraform.io/hashicorp/aws\"]",
      "instances": [
        {
          "schema_version": 0,
          "attributes": {
            "access_logs": [
              {
                "bucket": "",
                "enabled": false,
                "prefix": ""
              }
            ],
            "arn": "arn:aws:elasticloadbalancing:us-east-1:192572148784:loadbalancer/app/application-lb-OBLI/ec01095b7d9207c1",
            "arn_suffix": "app/application-lb-OBLI/ec01095b7d9207c1",
            "client_keep_alive": 3600,
            "connection_logs": [
              {
                "bucket": "",
                "enabled": false,
                "prefix": ""
              }
            ],
            "customer_owned_ipv4_pool": "",
            "desync_mitigation_mode": "defensive",
            "dns_name": "application-lb-OBLI-749685833.us-east-1.elb.amazonaws.com",
            "dns_record_client_routing_policy": null,
            "drop_invalid_header_fields": false,
            "enable_cross_zone_load_balancing": true,
            "enable_deletion_protection": false,
            "enable_http2": true,
            "enable_tls_version_and_cipher_suite_headers": false,
            "enable_waf_fail_open": false,
            "enable_xff_client_port": false,
            "enable_zonal_shift": false,
            "enforce_security_group_inbound_rules_on_private_link_traffic": "",
            "id": "arn:aws:elasticloadbalancing:us-east-1:192572148784:loadbalancer/app/application-lb-OBLI/ec01095b7d9207c1",
            "idle_timeout": 60,
            "internal": false,
            "ip_address_type": "ipv4",
            "ipam_pools": [],
            "load_balancer_type": "application",
            "minimum_load_balancer_capacity": [],
            "name": "application-lb-OBLI",
            "name_prefix": "",
            "preserve_host_header": false,
            "region": "us-east-1",
            "secondary_ips_auto_assigned_per_subnet": null,
            "security_groups": [
              "sg-0f3efc90ef5f2b057"
            ],
            "subnet_mapping": [
              {
                "allocation_id": "",
                "ipv6_address": "",
                "outpost_id": "",
                "private_ipv4_address": "",
                "subnet_id": "subnet-0a36a1f5ee1ba8c95"
              },
              {
                "allocation_id": "",
                "ipv6_address": "",
                "outpost_id": "",
                "private_ipv4_address": "",
                "subnet_id": "subnet-0a3c2450f58bada7d"
              }
            ],
            "subnets": [
              "subnet-0a36a1f5ee1ba8c95",
              "subnet-0a3c2450f58bada7d"
            ],
            "tags": {
              "Name": "application_lb_OBLI"
            },
            "tags_all": {
              "Name": "application_lb_OBLI"
            },
            "timeouts": null,
            "vpc_id": "vpc-04201966e1a317c24",
            "xff_header_processing_mode": "append",
            "zone_id": "Z35SXDOTRQ7X7K"
          },
          "sensitive_attributes": [],
          "identity_schema_version": 0,
          "identity": {
            "arn": "arn:aws:elasticloadbalancing:us-east-1:192572148784:loadbalancer/app/application-lb-OBLI/ec01095b7d9207c1"
          },
          "private": "eyJlMmJmYjczMC1lY2FhLTExZTYtOGY4OC0zNDM2M2JjN2M0YzAiOnsiY3JlYXRlIjo2MDAwMDAwMDAwMDAsImRlbGV0ZSI6NjAwMDAwMDAwMDAwLCJ1cGRhdGUiOjYwMDAwMDAwMDAwMH19",
          "dependencies": [
            "module.networking.aws_subnet.public_subnet_1",
            "module.networking.aws_subnet.public_subnet_2",
            "module.security_groups.aws_security_group.load_balancer_sg",
            "module.vpc.aws_vpc.vpc"
          ]
        }
      ]
    },
    {
      "module": "module.alb",
      "mode": "managed",
      "type": "aws_lb_listener",
      "name": "listener",
      "provider": "provider[\"registry.terraform.io/hashicorp/aws\"]",
      "instances": [
        {
          "schema_version": 0,
          "attributes": {
            "alpn_policy": null,
            "arn": "arn:aws:elasticloadbalancing:us-east-1:192572148784:listener/app/application-lb-OBLI/ec01095b7d9207c1/ad45ea42403e52db",
            "certificate_arn": null,
            "default_action": [
              {
                "authenticate_cognito": [],
                "authenticate_oidc": [],
                "fixed_response": [],
                "forward": [],
                "order": 1,
                "redirect": [],
                "target_group_arn": "arn:aws:elasticloadbalancing:us-east-1:192572148784:targetgroup/application-tg/bf43d2e66fb9a6bf",
                "type": "forward"
              }
            ],
            "id": "arn:aws:elasticloadbalancing:us-east-1:192572148784:listener/app/application-lb-OBLI/ec01095b7d9207c1/ad45ea42403e52db",
            "load_balancer_arn": "arn:aws:elasticloadbalancing:us-east-1:192572148784:loadbalancer/app/application-lb-OBLI/ec01095b7d9207c1",
            "mutual_authentication": [],
            "port": 80,
            "protocol": "HTTP",
            "region": "us-east-1",
            "routing_http_request_x_amzn_mtls_clientcert_header_name": null,
            "routing_http_request_x_amzn_mtls_clientcert_issuer_header_name": null,
            "routing_http_request_x_amzn_mtls_clientcert_leaf_header_name": null,
            "routing_http_request_x_amzn_mtls_clientcert_serial_number_header_name": null,
            "routing_http_request_x_amzn_mtls_clientcert_subject_header_name": null,
            "routing_http_request_x_amzn_mtls_clientcert_validity_header_name": null,
            "routing_http_request_x_amzn_tls_cipher_suite_header_name": null,
            "routing_http_request_x_amzn_tls_version_header_name": null,
            "routing_http_response_access_control_allow_credentials_header_value": "",
            "routing_http_response_access_control_allow_headers_header_value": "",
            "routing_http_response_access_control_allow_methods_header_value": "",
            "routing_http_response_access_control_allow_origin_header_value": "",
            "routing_http_response_access_control_expose_headers_header_value": "",
            "routing_http_response_access_control_max_age_header_value": "",
            "routing_http_response_content_security_policy_header_value": "",
            "routing_http_response_server_enabled": true,
            "routing_http_response_strict_transport_security_header_value": "",
            "routing_http_response_x_content_type_options_header_value": "",
            "routing_http_response_x_frame_options_header_value": "",
            "ssl_policy": "",
            "tags": {},
            "tags_all": {},
            "tcp_idle_timeout_seconds": null,
            "timeouts": null
          },
          "sensitive_attributes": [],
          "identity_schema_version": 0,
          "identity": {
            "arn": "arn:aws:elasticloadbalancing:us-east-1:192572148784:listener/app/application-lb-OBLI/ec01095b7d9207c1/ad45ea42403e52db"
          },
          "private": "eyJlMmJmYjczMC1lY2FhLTExZTYtOGY4OC0zNDM2M2JjN2M0YzAiOnsiY3JlYXRlIjozMDAwMDAwMDAwMDAsInVwZGF0ZSI6MzAwMDAwMDAwMDAwfX0=",
          "dependencies": [
            "module.alb.aws_lb.application_lb",
            "module.alb.aws_lb_target_group.application_tg",
            "module.networking.aws_subnet.public_subnet_1",
            "module.networking.aws_subnet.public_subnet_2",
            "module.security_groups.aws_security_group.load_balancer_sg",
            "module.vpc.aws_vpc.vpc"
          ]
        }
      ]
    },
    {
      "module": "module.alb",
      "mode": "managed",
      "type": "aws_lb_target_group",
      "name": "application_tg",
      "provider": "provider[\"registry.terraform.io/hashicorp/aws\"]",
      "instances": [
        {
          "schema_version": 0,
          "attributes": {
            "arn": "arn:aws:elasticloadbalancing:us-east-1:192572148784:targetgroup/application-tg/bf43d2e66fb9a6bf",
            "arn_suffix": "targetgroup/application-tg/bf43d2e66fb9a6bf",
            "connection_termination": null,
            "deregistration_delay": "300",
            "health_check": [
              {
                "enabled": true,
                "healthy_threshold": 3,
                "interval": 30,
                "matcher": "200-399",
                "path": "/",
                "port": "traffic-port",
                "protocol": "HTTP",
                "timeout": 5,
                "unhealthy_threshold": 2
              }
            ],
            "id": "arn:aws:elasticloadbalancing:us-east-1:192572148784:targetgroup/application-tg/bf43d2e66fb9a6bf",
            "ip_address_type": "ipv4",
            "lambda_multi_value_headers_enabled": false,
            "load_balancer_arns": [
              "arn:aws:elasticloadbalancing:us-east-1:192572148784:loadbalancer/app/application-lb-OBLI/ec01095b7d9207c1"
            ],
            "load_balancing_algorithm_type": "round_robin",
            "load_balancing_anomaly_mitigation": "off",
            "load_balancing_cross_zone_enabled": "use_load_balancer_configuration",
            "name": "application-tg",
            "name_prefix": "",
            "port": 80,
            "preserve_client_ip": null,
            "protocol": "HTTP",
            "protocol_version": "HTTP1",
            "proxy_protocol_v2": false,
            "region": "us-east-1",
            "slow_start": 0,
            "stickiness": [
              {
                "cookie_duration": 86400,
                "cookie_name": "",
                "enabled": false,
                "type": "lb_cookie"
              }
            ],
            "tags": {
              "Name": "application_tg_OBLI"
            },
            "tags_all": {
              "Name": "application_tg_OBLI"
            },
            "target_failover": [
              {
                "on_deregistration": null,
                "on_unhealthy": null
              }
            ],
            "target_group_health": [
              {
                "dns_failover": [
                  {
                    "minimum_healthy_targets_count": "1",
                    "minimum_healthy_targets_percentage": "off"
                  }
                ],
                "unhealthy_state_routing": [
                  {
                    "minimum_healthy_targets_count": 1,
                    "minimum_healthy_targets_percentage": "off"
                  }
                ]
              }
            ],
            "target_health_state": [
              {
                "enable_unhealthy_connection_termination": null,
                "unhealthy_draining_interval": null
              }
            ],
            "target_type": "instance",
            "vpc_id": "vpc-04201966e1a317c24"
          },
          "sensitive_attributes": [],
          "identity_schema_version": 0,
          "identity": {
            "arn": "arn:aws:elasticloadbalancing:us-east-1:192572148784:targetgroup/application-tg/bf43d2e66fb9a6bf"
          },
          "private": "bnVsbA==",
          "dependencies": [
            "module.vpc.aws_vpc.vpc"
          ]
        }
      ]
    },
    {
      "module": "module.asg",
      "mode": "managed",
      "type": "aws_autoscaling_group",
      "name": "auto_scaling_group",
      "provider": "provider[\"registry.terraform.io/hashicorp/aws\"]",
      "instances": [
        {
          "schema_version": 1,
          "attributes": {
            "arn": "arn:aws:autoscaling:us-east-1:192572148784:autoScalingGroup:74193b2b-58c6-460e-a090-7bb656ea19cb:autoScalingGroupName/auto_scaling_group_OBLI",
            "availability_zone_distribution": [
              {
                "capacity_distribution_strategy": "balanced-best-effort"
              }
            ],
            "availability_zones": [
              "us-east-1a",
              "us-east-1b"
            ],
            "capacity_rebalance": false,
            "capacity_reservation_specification": [
              {
                "capacity_reservation_preference": "default",
                "capacity_reservation_target": []
              }
            ],
            "context": "",
            "default_cooldown": 300,
            "default_instance_warmup": 0,
            "desired_capacity": 2,
            "desired_capacity_type": "",
            "enabled_metrics": [],
            "force_delete": false,
            "force_delete_warm_pool": false,
            "health_check_grace_period": 300,
            "health_check_type": "EC2",
            "id": "auto_scaling_group_OBLI",
            "ignore_failed_scaling_activities": false,
            "initial_lifecycle_hook": [],
            "instance_maintenance_policy": [],
            "instance_refresh": [],
            "launch_configuration": "",
            "launch_template": [
              {
                "id": "lt-010682fdd14b21601",
                "name": "launch_template_OBLI_V220251122002147718900000005",
                "version": "$Latest"
              }
            ],
            "load_balancers": [],
            "max_instance_lifetime": 0,
            "max_size": 4,
            "metrics_granularity": "1Minute",
            "min_elb_capacity": null,
            "min_size": 2,
            "mixed_instances_policy": [],
            "name": "auto_scaling_group_OBLI",
            "name_prefix": "",
            "placement_group": "",
            "predicted_capacity": 0,
            "protect_from_scale_in": false,
            "region": "us-east-1",
            "service_linked_role_arn": "arn:aws:iam::192572148784:role/aws-service-role/autoscaling.amazonaws.com/AWSServiceRoleForAutoScaling",
            "suspended_processes": [],
            "tag": [
              {
                "key": "Name",
                "propagate_at_launch": true,
                "value": "app_asg_instance_OBLI"
              }
            ],
            "target_group_arns": [
              "arn:aws:elasticloadbalancing:us-east-1:192572148784:targetgroup/application-tg/bf43d2e66fb9a6bf"
            ],
            "termination_policies": [],
            "timeouts": null,
            "traffic_source": [
              {
                "identifier": "arn:aws:elasticloadbalancing:us-east-1:192572148784:targetgroup/application-tg/bf43d2e66fb9a6bf",
                "type": "elbv2"
              }
            ],
            "vpc_zone_identifier": [
              "subnet-066ff3f546d9b6d17",
              "subnet-0d0d5b01163af1d4d"
            ],
            "wait_for_capacity_timeout": "10m",
            "wait_for_elb_capacity": null,
            "warm_pool": [],
            "warm_pool_size": 0
          },
          "sensitive_attributes": [],
          "identity_schema_version": 0,
          "private": "eyJlMmJmYjczMC1lY2FhLTExZTYtOGY4OC0zNDM2M2JjN2M0YzAiOnsiZGVsZXRlIjo2MDAwMDAwMDAwMDAsInVwZGF0ZSI6NjAwMDAwMDAwMDAwfSwic2NoZW1hX3ZlcnNpb24iOiIxIn0=",
          "dependencies": [
            "module.alb.aws_lb_target_group.application_tg",
            "module.asg.aws_launch_template.launch_template",
            "module.db.aws_db_instance.instancia_db",
            "module.db.aws_db_subnet_group.subnet_group_db",
            "module.networking.aws_subnet.private_subnet_1",
            "module.networking.aws_subnet.private_subnet_2",
            "module.security_groups.aws_security_group.application_sg",
            "module.security_groups.aws_security_group.data_base_sg",
            "module.security_groups.aws_security_group.load_balancer_sg",
            "module.vpc.aws_vpc.vpc"
          ]
        }
      ]
    },
    {
      "module": "module.asg",
      "mode": "managed",
      "type": "aws_launch_template",
      "name": "launch_template",
      "provider": "provider[\"registry.terraform.io/hashicorp/aws\"]",
      "instances": [
        {
          "schema_version": 1,
          "attributes": {
            "arn": "arn:aws:ec2:us-east-1:192572148784:launch-template/lt-010682fdd14b21601",
            "block_device_mappings": [],
            "capacity_reservation_specification": [],
            "cpu_options": [],
            "credit_specification": [],
            "default_version": 1,
            "description": "",
            "disable_api_stop": false,
            "disable_api_termination": false,
            "ebs_optimized": "",
            "enclave_options": [],
            "hibernation_options": [],
            "iam_instance_profile": [],
            "id": "lt-010682fdd14b21601",
            "image_id": "ami-0c2b8ca1dad447f8a",
            "instance_initiated_shutdown_behavior": "",
            "instance_market_options": [],
            "instance_requirements": [],
            "instance_type": "t2.micro",
            "kernel_id": "",
            "key_name": "",
            "latest_version": 6,
            "license_specification": [],
            "maintenance_options": [],
            "metadata_options": [],
            "monitoring": [],
            "name": "launch_template_OBLI_V220251122002147718900000005",
            "name_prefix": "launch_template_OBLI_V2",
            "network_interfaces": [],
            "placement": [],
            "private_dns_name_options": [],
            "ram_disk_id": "",
            "region": "us-east-1",
            "security_group_names": [],
            "tag_specifications": [
              {
                "resource_type": "instance",
                "tags": {
                  "Name": "launch_template_OBLI"
                }
              }
            ],
            "tags": {},
            "tags_all": {},
            "update_default_version": null,
            "user_data": "IyEvYmluL2Jhc2gNCnNldCAteGUNCg0KeXVtIHVwZGF0ZSAteQ0KDQojIyB5dW0gaW5zdGFsbCAgZG9ja2VyIGdpdCAteQ0KDQp5dW0gaW5zdGFsbCAteSBkb2NrZXIgZ2l0IG1hcmlhZGIgfHwgZG5mIGluc3RhbGwgLXkgZG9ja2VyIGdpdCBtYXJpYWRiDQoNCnN5c3RlbWN0bCBlbmFibGUgZG9ja2VyDQpzeXN0ZW1jdGwgc3RhcnQgZG9ja2VyDQoNCm1rZGlyIC1wIC9vcHQvYXBwDQpjZCAvb3B0L2FwcA0KZ2l0IGNsb25lIGh0dHBzOi8vZ2l0aHViLmNvbS9tYXNpdGE0OTkvUGFnaW5hX0RvY2tlcl9PYmxpZ2F0b3Jpby5naXQgYXBwDQpjZCBhcHANCg0KbXlzcWwgLWggImRiLW9ibGkuY3RjMm1lMGl1eXYxLnVzLWVhc3QtMS5yZHMuYW1hem9uYXdzLmNvbSIgLXUgImFkbWluIiAtcCJwYXNzd29yZDEyMzQ1Njc5IiBcDQogIC1lICJDUkVBVEUgREFUQUJBU0UgSUYgTk9UIEVYSVNUUyBkYXRhX2Jhc2Vfb2JsaSBDSEFSQUNURVIgU0VUIGxhdGluMTsiDQoNCm15c3FsIC1oICJkYi1vYmxpLmN0YzJtZTBpdXl2MS51cy1lYXN0LTEucmRzLmFtYXpvbmF3cy5jb20iIC11ICJhZG1pbiIgLXAicGFzc3dvcmQxMjM0NTY3OSIgXA0KICAiZGF0YV9iYXNlX29ibGkiIDwgZGItc2V0dGluZ3Muc3FsIHx8IGVjaG8gIkJEIHBvc2libGVtZW50ZSB5YSBpbmljaWFsaXphZGEsIGNvbnRpbnVhbmRvLi4uIg0KDQojIyBteXNxbCAtaCAiZGItb2JsaS5jdGMybWUwaXV5djEudXMtZWFzdC0xLnJkcy5hbWF6b25hd3MuY29tIiAtdSAiYWRtaW4iIC1wInBhc3N3b3JkMTIzNDU2NzkiIGRhdGFfYmFzZV9vYmxpIDwgZGItc2V0dGluZ3Muc3FsDQoNCiMgY2F0ID4gRG9ja2VyZmlsZSA8PCAnRE9DS0VSRU9GJw0KIyBGUk9NIHBocDo4LjItYXBhY2hlDQojIFJVTiBhMmVubW9kIHJld3JpdGUgDQojIFJVTiBzZWQgLWkgJ3MvQWxsb3dPdmVycmlkZSBOb25lL0FsbG93T3ZlcnJpZGUgQWxsLycgL2V0Yy9hcGFjaGUyL2FwYWNoZTIuY29uZg0KIyBSVU4gZG9ja2VyLXBocC1leHQtaW5zdGFsbCBwZG8gcGRvX215c3FsDQojIENPUFkgLiAvdmFyL3d3dy9odG1sDQojIFdPUktESVIgL3Zhci93d3cvaHRtbA0KIyBET0NLRVJFT0YNCg0KIyBjYXQgPiBEb2NrZXJmaWxlIDw8ICdET0NLRVJFT0YnDQojIEZST00gcGhwOjguMi1hcGFjaGUNCiMgUlVOIGFwdC1nZXQgdXBkYXRlICYmIFwNCiMgICAgIGFwdC1nZXQgaW5zdGFsbCAteSBkZWZhdWx0LW15c3FsLWNsaWVudCAmJiBcDQojICAgICBkb2NrZXItcGhwLWV4dC1pbnN0YWxsIHBkbyBwZG9fbXlzcWwNCiMgUlVOIGEyZW5tb2QgcmV3cml0ZSBcDQojICAmJiBzZWQgLWkgJ3MvQWxsb3dPdmVycmlkZSBOb25lL0FsbG93T3ZlcnJpZGUgQWxsLycgL2V0Yy9hcGFjaGUyL2FwYWNoZTIuY29uZiBcDQojICAmJiBwcmludGYgIlxuPERpcmVjdG9yeSAvdmFyL3d3dy9odG1sPlxuICAgIEFsbG93T3ZlcnJpZGUgQWxsXG48L0RpcmVjdG9yeT5cbiIgPiAvZXRjL2FwYWNoZTIvY29uZi1lbmFibGVkL3llbXllbS1vdmVycmlkZS5jb25mIFwNCiMgIyAgJiYgc2VkIC1pICdzL0FsbG93T3ZlcnJpZGUgTm9uZS9BbGxvd092ZXJyaWRlIEFsbC8nIC9ldGMvYXBhY2hlMi9hcGFjaGUyLmNvbmYgXA0KIyAjICAmJiBkb2NrZXItcGhwLWV4dC1pbnN0YWxsIHBkb19teXNxbA0KIyBXT1JLRElSIC92YXIvd3d3L2h0bWwNCiMgQ09QWSAuIC92YXIvd3d3L2h0bWwNCiMgRE9DS0VSRU9GDQoNCmNhdCA+IERvY2tlcmZpbGUgPDwgJ0RPQ0tFUkVPRicNCkZST00gcGhwOjguMi1hcGFjaGUNCg0KIyBJbnN0YWxhciBkZXBlbmRlbmNpYXMgbmVjZXNhcmlhcyB5IHBkb19teXNxbA0KUlVOIGFwdC1nZXQgdXBkYXRlICYmIFwNCiAgICBhcHQtZ2V0IGluc3RhbGwgLXkgZGVmYXVsdC1teXNxbC1jbGllbnQgJiYgXA0KICAgIGRvY2tlci1waHAtZXh0LWluc3RhbGwgcGRvX215c3FsDQoNCiMgQWN0aXZhciBtb2RfcmV3cml0ZSB5IHBlcm1pdGlyIC5odGFjY2Vzcw0KUlVOIGEyZW5tb2QgcmV3cml0ZSAmJiBcDQogICAgc2VkIC1pICdzL0FsbG93T3ZlcnJpZGUgTm9uZS9BbGxvd092ZXJyaWRlIEFsbC8nIC9ldGMvYXBhY2hlMi9hcGFjaGUyLmNvbmYgJiYgXA0KICAgIHByaW50ZiAiXG48RGlyZWN0b3J5IC92YXIvd3d3L2h0bWw+XG4gICAgQWxsb3dPdmVycmlkZSBBbGxcbjwvRGlyZWN0b3J5PlxuIiA+IC9ldGMvYXBhY2hlMi9jb25mLWVuYWJsZWQvb3ZlcnJpZGUuY29uZg0KDQpXT1JLRElSIC92YXIvd3d3L2h0bWwNCg0KQ09QWSAuIC92YXIvd3d3L2h0bWwNCkRPQ0tFUkVPRg0KDQpkb2NrZXIgYnVpbGQgLXQgZWNvbW1lcmNlLXBocCAuDQoNCmRvY2tlciBydW4gLWQgLS1uYW1lIGVjb21tZXJjZS1jb250YWluZXIgXA0KICAtZSBEQl9IT1NUPSJkYi1vYmxpLmN0YzJtZTBpdXl2MS51cy1lYXN0LTEucmRzLmFtYXpvbmF3cy5jb20iIFwNCiAgLWUgREJfTkFNRT0iZGF0YV9iYXNlX29ibGkiIFwNCiAgLWUgREJfVVNFUj0iYWRtaW4iIFwNCiAgLWUgREJfUEFTUz0icGFzc3dvcmQxMjM0NTY3OSIgXA0KICAtcCA4MDo4MCBcDQogIGVjb21tZXJjZS1waHANCg0K",
            "vpc_security_group_ids": [
              "sg-0d5d5d06e10d208ba"
            ]
          },
          "sensitive_attributes": [],
          "identity_schema_version": 0,
          "private": "eyJzY2hlbWFfdmVyc2lvbiI6IjEifQ==",
          "dependencies": [
            "module.db.aws_db_instance.instancia_db",
            "module.db.aws_db_subnet_group.subnet_group_db",
            "module.networking.aws_subnet.private_subnet_1",
            "module.networking.aws_subnet.private_subnet_2",
            "module.security_groups.aws_security_group.application_sg",
            "module.security_groups.aws_security_group.data_base_sg",
            "module.security_groups.aws_security_group.load_balancer_sg",
            "module.vpc.aws_vpc.vpc"
          ]
        }
      ]
    },
    {
      "module": "module.db",
      "mode": "managed",
      "type": "aws_db_instance",
      "name": "instancia_db",
      "provider": "provider[\"registry.terraform.io/hashicorp/aws\"]",
      "instances": [
        {
          "schema_version": 2,
          "attributes": {
            "address": "db-obli.ctc2me0iuyv1.us-east-1.rds.amazonaws.com",
            "allocated_storage": 5,
            "allow_major_version_upgrade": null,
            "apply_immediately": false,
            "arn": "arn:aws:rds:us-east-1:192572148784:db:db-obli",
            "auto_minor_version_upgrade": true,
            "availability_zone": "us-east-1b",
            "backup_retention_period": 0,
            "backup_target": "region",
            "backup_window": "06:00-06:30",
            "blue_green_update": [],
            "ca_cert_identifier": "rds-ca-rsa2048-g1",
            "character_set_name": "",
            "copy_tags_to_snapshot": false,
            "custom_iam_instance_profile": "",
            "customer_owned_ip_enabled": false,
            "database_insights_mode": "standard",
            "db_name": "data_base_obli",
            "db_subnet_group_name": "terraform-20251122000803329600000002",
            "dedicated_log_volume": false,
            "delete_automated_backups": true,
            "deletion_protection": false,
            "domain": "",
            "domain_auth_secret_arn": "",
            "domain_dns_ips": [],
            "domain_fqdn": "",
            "domain_iam_role_name": "",
            "domain_ou": "",
            "enabled_cloudwatch_logs_exports": [],
            "endpoint": "db-obli.ctc2me0iuyv1.us-east-1.rds.amazonaws.com:3306",
            "engine": "mysql",
            "engine_lifecycle_support": "open-source-rds-extended-support",
            "engine_version": "8.0",
            "engine_version_actual": "8.0.43",
            "final_snapshot_identifier": null,
            "hosted_zone_id": "Z2R2ITUGPM61AM",
            "iam_database_authentication_enabled": false,
            "id": "db-VFUCFGBZ33PIXUITWDLAFRDCHE",
            "identifier": "db-obli",
            "identifier_prefix": "",
            "instance_class": "db.t3.micro",
            "iops": 0,
            "kms_key_id": "",
            "latest_restorable_time": "",
            "license_model": "general-public-license",
            "listener_endpoint": [],
            "maintenance_window": "fri:09:33-fri:10:03",
            "manage_master_user_password": null,
            "master_user_secret": [],
            "master_user_secret_kms_key_id": null,
            "max_allocated_storage": 0,
            "monitoring_interval": 0,
            "monitoring_role_arn": "",
            "multi_az": true,
            "nchar_character_set_name": "",
            "network_type": "IPV4",
            "option_group_name": "default:mysql-8-0",
            "parameter_group_name": "default.mysql8.0",
            "password": "password12345679",
            "password_wo": null,
            "password_wo_version": null,
            "performance_insights_enabled": false,
            "performance_insights_kms_key_id": "",
            "performance_insights_retention_period": 0,
            "port": 3306,
            "publicly_accessible": false,
            "region": "us-east-1",
            "replica_mode": "",
            "replicas": [],
            "replicate_source_db": "",
            "resource_id": "db-VFUCFGBZ33PIXUITWDLAFRDCHE",
            "restore_to_point_in_time": [],
            "s3_import": [],
            "skip_final_snapshot": true,
            "snapshot_identifier": null,
            "status": "available",
            "storage_encrypted": false,
            "storage_throughput": 0,
            "storage_type": "gp2",
            "tags": {},
            "tags_all": {},
            "timeouts": null,
            "timezone": "",
            "upgrade_storage_config": null,
            "username": "admin",
            "vpc_security_group_ids": [
              "sg-07c12c7fc9cb7a22c"
            ]
          },
          "sensitive_attributes": [
            [
              {
                "type": "get_attr",
                "value": "password"
              }
            ],
            [
              {
                "type": "get_attr",
                "value": "password_wo"
              }
            ]
          ],
          "identity_schema_version": 0,
          "private": "eyJlMmJmYjczMC1lY2FhLTExZTYtOGY4OC0zNDM2M2JjN2M0YzAiOnsiY3JlYXRlIjozMDAwMDAwMDAwMDAwLCJkZWxldGUiOjM2MDAwMDAwMDAwMDAsInVwZGF0ZSI6NDgwMDAwMDAwMDAwMH0sInNjaGVtYV92ZXJzaW9uIjoiMiJ9",
          "dependencies": [
            "module.db.aws_db_subnet_group.subnet_group_db",
            "module.networking.aws_subnet.private_subnet_1",
            "module.networking.aws_subnet.private_subnet_2",
            "module.security_groups.aws_security_group.application_sg",
            "module.security_groups.aws_security_group.data_base_sg",
            "module.security_groups.aws_security_group.load_balancer_sg",
            "module.vpc.aws_vpc.vpc"
          ]
        }
      ]
    },
    {
      "module": "module.db",
      "mode": "managed",
      "type": "aws_db_subnet_group",
      "name": "subnet_group_db",
      "provider": "provider[\"registry.terraform.io/hashicorp/aws\"]",
      "instances": [
        {
          "schema_version": 0,
          "attributes": {
            "arn": "arn:aws:rds:us-east-1:192572148784:subgrp:terraform-20251122000803329600000002",
            "description": "Managed by Terraform",
            "id": "terraform-20251122000803329600000002",
            "name": "terraform-20251122000803329600000002",
            "name_prefix": "terraform-",
            "region": "us-east-1",
            "subnet_ids": [
              "subnet-066ff3f546d9b6d17",
              "subnet-0d0d5b01163af1d4d"
            ],
            "supported_network_types": [
              "IPV4"
            ],
            "tags": {},
            "tags_all": {},
            "vpc_id": "vpc-04201966e1a317c24"
          },
          "sensitive_attributes": [],
          "identity_schema_version": 0,
          "private": "bnVsbA==",
          "dependencies": [
            "module.networking.aws_subnet.private_subnet_1",
            "module.networking.aws_subnet.private_subnet_2",
            "module.vpc.aws_vpc.vpc"
          ]
        }
      ]
    },
    {
      "module": "module.networking",
      "mode": "managed",
      "type": "aws_eip",
      "name": "nat_eip",
      "provider": "provider[\"registry.terraform.io/hashicorp/aws\"]",
      "instances": [
        {
          "schema_version": 0,
          "attributes": {
            "address": null,
            "allocation_id": "eipalloc-09835d8f0cfdddd7a",
            "arn": "arn:aws:ec2:us-east-1:192572148784:elastic-ip/eipalloc-09835d8f0cfdddd7a",
            "associate_with_private_ip": null,
            "association_id": "eipassoc-00c634c08d2dc40c9",
            "carrier_ip": "",
            "customer_owned_ip": "",
            "customer_owned_ipv4_pool": "",
            "domain": "vpc",
            "id": "eipalloc-09835d8f0cfdddd7a",
            "instance": "",
            "ipam_pool_id": null,
            "network_border_group": "us-east-1",
            "network_interface": "eni-0ec90701b2bc37093",
            "private_dns": "ip-10-0-10-126.ec2.internal",
            "private_ip": "10.0.10.126",
            "ptr_record": "",
            "public_dns": "ec2-34-199-91-129.compute-1.amazonaws.com",
            "public_ip": "34.199.91.129",
            "public_ipv4_pool": "amazon",
            "region": "us-east-1",
            "tags": {
              "Name": "nat_eip_OBLI"
            },
            "tags_all": {
              "Name": "nat_eip_OBLI"
            },
            "timeouts": null
          },
          "sensitive_attributes": [],
          "identity_schema_version": 0,
          "private": "eyJlMmJmYjczMC1lY2FhLTExZTYtOGY4OC0zNDM2M2JjN2M0YzAiOnsiZGVsZXRlIjoxODAwMDAwMDAwMDAsInJlYWQiOjkwMDAwMDAwMDAwMCwidXBkYXRlIjozMDAwMDAwMDAwMDB9fQ=="
        }
      ]
    },
    {
      "module": "module.networking",
      "mode": "managed",
      "type": "aws_internet_gateway",
      "name": "gw",
      "provider": "provider[\"registry.terraform.io/hashicorp/aws\"]",
      "instances": [
        {
          "schema_version": 0,
          "attributes": {
            "arn": "arn:aws:ec2:us-east-1:192572148784:internet-gateway/igw-0e875f13d4df38b65",
            "id": "igw-0e875f13d4df38b65",
            "owner_id": "192572148784",
            "region": "us-east-1",
            "tags": {
              "Name": "terraform-gw"
            },
            "tags_all": {
              "Name": "terraform-gw"
            },
            "timeouts": null,
            "vpc_id": "vpc-04201966e1a317c24"
          },
          "sensitive_attributes": [],
          "identity_schema_version": 0,
          "private": "eyJlMmJmYjczMC1lY2FhLTExZTYtOGY4OC0zNDM2M2JjN2M0YzAiOnsiY3JlYXRlIjoxMjAwMDAwMDAwMDAwLCJkZWxldGUiOjEyMDAwMDAwMDAwMDAsInVwZGF0ZSI6MTIwMDAwMDAwMDAwMH19",
          "dependencies": [
            "module.vpc.aws_vpc.vpc"
          ]
        }
      ]
    },
    {
      "module": "module.networking",
      "mode": "managed",
      "type": "aws_nat_gateway",
      "name": "nat_gw",
      "provider": "provider[\"registry.terraform.io/hashicorp/aws\"]",
      "instances": [
        {
          "schema_version": 0,
          "attributes": {
            "allocation_id": "eipalloc-09835d8f0cfdddd7a",
            "association_id": "eipassoc-00c634c08d2dc40c9",
            "connectivity_type": "public",
            "id": "nat-0fb0b56ee966af7b6",
            "network_interface_id": "eni-0ec90701b2bc37093",
            "private_ip": "10.0.10.126",
            "public_ip": "34.199.91.129",
            "region": "us-east-1",
            "secondary_allocation_ids": [],
            "secondary_private_ip_address_count": 0,
            "secondary_private_ip_addresses": [],
            "subnet_id": "subnet-0a3c2450f58bada7d",
            "tags": {
              "Name": "nat_gateway_OBLI"
            },
            "tags_all": {
              "Name": "nat_gateway_OBLI"
            },
            "timeouts": null
          },
          "sensitive_attributes": [],
          "identity_schema_version": 0,
          "private": "eyJlMmJmYjczMC1lY2FhLTExZTYtOGY4OC0zNDM2M2JjN2M0YzAiOnsiY3JlYXRlIjo2MDAwMDAwMDAwMDAsImRlbGV0ZSI6MTgwMDAwMDAwMDAwMCwidXBkYXRlIjo2MDAwMDAwMDAwMDB9fQ==",
          "dependencies": [
            "module.networking.aws_eip.nat_eip",
            "module.networking.aws_subnet.public_subnet_1",
            "module.vpc.aws_vpc.vpc"
          ]
        }
      ]
    },
    {
      "module": "module.networking",
      "mode": "managed",
      "type": "aws_route_table",
      "name": "route_table_priv",
      "provider": "provider[\"registry.terraform.io/hashicorp/aws\"]",
      "instances": [
        {
          "schema_version": 0,
          "attributes": {
            "arn": "arn:aws:ec2:us-east-1:192572148784:route-table/rtb-07419d182b15f747b",
            "id": "rtb-07419d182b15f747b",
            "owner_id": "192572148784",
            "propagating_vgws": [],
            "region": "us-east-1",
            "route": [
              {
                "carrier_gateway_id": "",
                "cidr_block": "0.0.0.0/0",
                "core_network_arn": "",
                "destination_prefix_list_id": "",
                "egress_only_gateway_id": "",
                "gateway_id": "",
                "ipv6_cidr_block": "",
                "local_gateway_id": "",
                "nat_gateway_id": "nat-0fb0b56ee966af7b6",
                "network_interface_id": "",
                "transit_gateway_id": "",
                "vpc_endpoint_id": "",
                "vpc_peering_connection_id": ""
              }
            ],
            "tags": {
              "Name": "private_route_table_OBLI"
            },
            "tags_all": {
              "Name": "private_route_table_OBLI"
            },
            "timeouts": null,
            "vpc_id": "vpc-04201966e1a317c24"
          },
          "sensitive_attributes": [],
          "identity_schema_version": 0,
          "identity": {
            "account_id": "192572148784",
            "id": "rtb-07419d182b15f747b",
            "region": "us-east-1"
          },
          "private": "eyJlMmJmYjczMC1lY2FhLTExZTYtOGY4OC0zNDM2M2JjN2M0YzAiOnsiY3JlYXRlIjozMDAwMDAwMDAwMDAsImRlbGV0ZSI6MzAwMDAwMDAwMDAwLCJ1cGRhdGUiOjEyMDAwMDAwMDAwMH19",
          "dependencies": [
            "module.networking.aws_eip.nat_eip",
            "module.networking.aws_nat_gateway.nat_gw",
            "module.networking.aws_subnet.public_subnet_1",
            "module.vpc.aws_vpc.vpc"
          ]
        }
      ]
    },
    {
      "module": "module.networking",
      "mode": "managed",
      "type": "aws_route_table",
      "name": "route_table_pub",
      "provider": "provider[\"registry.terraform.io/hashicorp/aws\"]",
      "instances": [
        {
          "schema_version": 0,
          "attributes": {
            "arn": "arn:aws:ec2:us-east-1:192572148784:route-table/rtb-015665d072c68d03b",
            "id": "rtb-015665d072c68d03b",
            "owner_id": "192572148784",
            "propagating_vgws": [],
            "region": "us-east-1",
            "route": [
              {
                "carrier_gateway_id": "",
                "cidr_block": "0.0.0.0/0",
                "core_network_arn": "",
                "destination_prefix_list_id": "",
                "egress_only_gateway_id": "",
                "gateway_id": "igw-0e875f13d4df38b65",
                "ipv6_cidr_block": "",
                "local_gateway_id": "",
                "nat_gateway_id": "",
                "network_interface_id": "",
                "transit_gateway_id": "",
                "vpc_endpoint_id": "",
                "vpc_peering_connection_id": ""
              }
            ],
            "tags": {
              "Name": "public-route-table"
            },
            "tags_all": {
              "Name": "public-route-table"
            },
            "timeouts": null,
            "vpc_id": "vpc-04201966e1a317c24"
          },
          "sensitive_attributes": [],
          "identity_schema_version": 0,
          "identity": {
            "account_id": "192572148784",
            "id": "rtb-015665d072c68d03b",
            "region": "us-east-1"
          },
          "private": "eyJlMmJmYjczMC1lY2FhLTExZTYtOGY4OC0zNDM2M2JjN2M0YzAiOnsiY3JlYXRlIjozMDAwMDAwMDAwMDAsImRlbGV0ZSI6MzAwMDAwMDAwMDAwLCJ1cGRhdGUiOjEyMDAwMDAwMDAwMH19",
          "dependencies": [
            "module.networking.aws_internet_gateway.gw",
            "module.vpc.aws_vpc.vpc"
          ]
        }
      ]
    },
    {
      "module": "module.networking",
      "mode": "managed",
      "type": "aws_route_table_association",
      "name": "private_subnet_1_association",
      "provider": "provider[\"registry.terraform.io/hashicorp/aws\"]",
      "instances": [
        {
          "schema_version": 0,
          "attributes": {
            "gateway_id": "",
            "id": "rtbassoc-058348dcbb8563169",
            "region": "us-east-1",
            "route_table_id": "rtb-07419d182b15f747b",
            "subnet_id": "subnet-0d0d5b01163af1d4d",
            "timeouts": null
          },
          "sensitive_attributes": [],
          "identity_schema_version": 0,
          "private": "eyJlMmJmYjczMC1lY2FhLTExZTYtOGY4OC0zNDM2M2JjN2M0YzAiOnsiY3JlYXRlIjozMDAwMDAwMDAwMDAsImRlbGV0ZSI6MzAwMDAwMDAwMDAwLCJ1cGRhdGUiOjEyMDAwMDAwMDAwMH19",
          "dependencies": [
            "module.networking.aws_eip.nat_eip",
            "module.networking.aws_nat_gateway.nat_gw",
            "module.networking.aws_route_table.route_table_priv",
            "module.networking.aws_subnet.private_subnet_1",
            "module.networking.aws_subnet.public_subnet_1",
            "module.vpc.aws_vpc.vpc"
          ]
        }
      ]
    },
    {
      "module": "module.networking",
      "mode": "managed",
      "type": "aws_route_table_association",
      "name": "private_subnet_2_association",
      "provider": "provider[\"registry.terraform.io/hashicorp/aws\"]",
      "instances": [
        {
          "schema_version": 0,
          "attributes": {
            "gateway_id": "",
            "id": "rtbassoc-00ba886832d5681c4",
            "region": "us-east-1",
            "route_table_id": "rtb-07419d182b15f747b",
            "subnet_id": "subnet-066ff3f546d9b6d17",
            "timeouts": null
          },
          "sensitive_attributes": [],
          "identity_schema_version": 0,
          "private": "eyJlMmJmYjczMC1lY2FhLTExZTYtOGY4OC0zNDM2M2JjN2M0YzAiOnsiY3JlYXRlIjozMDAwMDAwMDAwMDAsImRlbGV0ZSI6MzAwMDAwMDAwMDAwLCJ1cGRhdGUiOjEyMDAwMDAwMDAwMH19",
          "dependencies": [
            "module.networking.aws_eip.nat_eip",
            "module.networking.aws_nat_gateway.nat_gw",
            "module.networking.aws_route_table.route_table_priv",
            "module.networking.aws_subnet.private_subnet_2",
            "module.networking.aws_subnet.public_subnet_1",
            "module.vpc.aws_vpc.vpc"
          ]
        }
      ]
    },
    {
      "module": "module.networking",
      "mode": "managed",
      "type": "aws_route_table_association",
      "name": "public_subnet_1_association",
      "provider": "provider[\"registry.terraform.io/hashicorp/aws\"]",
      "instances": [
        {
          "schema_version": 0,
          "attributes": {
            "gateway_id": "",
            "id": "rtbassoc-02fb8e15d77f3c4ea",
            "region": "us-east-1",
            "route_table_id": "rtb-015665d072c68d03b",
            "subnet_id": "subnet-0a3c2450f58bada7d",
            "timeouts": null
          },
          "sensitive_attributes": [],
          "identity_schema_version": 0,
          "private": "eyJlMmJmYjczMC1lY2FhLTExZTYtOGY4OC0zNDM2M2JjN2M0YzAiOnsiY3JlYXRlIjozMDAwMDAwMDAwMDAsImRlbGV0ZSI6MzAwMDAwMDAwMDAwLCJ1cGRhdGUiOjEyMDAwMDAwMDAwMH19",
          "dependencies": [
            "module.networking.aws_internet_gateway.gw",
            "module.networking.aws_route_table.route_table_pub",
            "module.networking.aws_subnet.public_subnet_1",
            "module.vpc.aws_vpc.vpc"
          ]
        }
      ]
    },
    {
      "module": "module.networking",
      "mode": "managed",
      "type": "aws_route_table_association",
      "name": "public_subnet_2_association",
      "provider": "provider[\"registry.terraform.io/hashicorp/aws\"]",
      "instances": [
        {
          "schema_version": 0,
          "attributes": {
            "gateway_id": "",
            "id": "rtbassoc-0a42daecd43a4d107",
            "region": "us-east-1",
            "route_table_id": "rtb-015665d072c68d03b",
            "subnet_id": "subnet-0a36a1f5ee1ba8c95",
            "timeouts": null
          },
          "sensitive_attributes": [],
          "identity_schema_version": 0,
          "private": "eyJlMmJmYjczMC1lY2FhLTExZTYtOGY4OC0zNDM2M2JjN2M0YzAiOnsiY3JlYXRlIjozMDAwMDAwMDAwMDAsImRlbGV0ZSI6MzAwMDAwMDAwMDAwLCJ1cGRhdGUiOjEyMDAwMDAwMDAwMH19",
          "dependencies": [
            "module.networking.aws_internet_gateway.gw",
            "module.networking.aws_route_table.route_table_pub",
            "module.networking.aws_subnet.public_subnet_2",
            "module.vpc.aws_vpc.vpc"
          ]
        }
      ]
    },
    {
      "module": "module.networking",
      "mode": "managed",
      "type": "aws_subnet",
      "name": "private_subnet_1",
      "provider": "provider[\"registry.terraform.io/hashicorp/aws\"]",
      "instances": [
        {
          "schema_version": 1,
          "attributes": {
            "arn": "arn:aws:ec2:us-east-1:192572148784:subnet/subnet-0d0d5b01163af1d4d",
            "assign_ipv6_address_on_creation": false,
            "availability_zone": "us-east-1a",
            "availability_zone_id": "use1-az1",
            "cidr_block": "10.0.1.0/24",
            "customer_owned_ipv4_pool": "",
            "enable_dns64": false,
            "enable_lni_at_device_index": 0,
            "enable_resource_name_dns_a_record_on_launch": false,
            "enable_resource_name_dns_aaaa_record_on_launch": false,
            "id": "subnet-0d0d5b01163af1d4d",
            "ipv6_cidr_block": "",
            "ipv6_cidr_block_association_id": "",
            "ipv6_native": false,
            "map_customer_owned_ip_on_launch": false,
            "map_public_ip_on_launch": false,
            "outpost_arn": "",
            "owner_id": "192572148784",
            "private_dns_hostname_type_on_launch": "ip-name",
            "region": "us-east-1",
            "tags": {
              "Name": "terraform_private_subnet_1_OBLI"
            },
            "tags_all": {
              "Name": "terraform_private_subnet_1_OBLI"
            },
            "timeouts": null,
            "vpc_id": "vpc-04201966e1a317c24"
          },
          "sensitive_attributes": [],
          "identity_schema_version": 0,
          "identity": {
            "account_id": "192572148784",
            "id": "subnet-0d0d5b01163af1d4d",
            "region": "us-east-1"
          },
          "private": "eyJlMmJmYjczMC1lY2FhLTExZTYtOGY4OC0zNDM2M2JjN2M0YzAiOnsiY3JlYXRlIjo2MDAwMDAwMDAwMDAsImRlbGV0ZSI6MTIwMDAwMDAwMDAwMH0sInNjaGVtYV92ZXJzaW9uIjoiMSJ9",
          "dependencies": [
            "module.vpc.aws_vpc.vpc"
          ]
        }
      ]
    },
    {
      "module": "module.networking",
      "mode": "managed",
      "type": "aws_subnet",
      "name": "private_subnet_2",
      "provider": "provider[\"registry.terraform.io/hashicorp/aws\"]",
      "instances": [
        {
          "schema_version": 1,
          "attributes": {
            "arn": "arn:aws:ec2:us-east-1:192572148784:subnet/subnet-066ff3f546d9b6d17",
            "assign_ipv6_address_on_creation": false,
            "availability_zone": "us-east-1b",
            "availability_zone_id": "use1-az2",
            "cidr_block": "10.0.2.0/24",
            "customer_owned_ipv4_pool": "",
            "enable_dns64": false,
            "enable_lni_at_device_index": 0,
            "enable_resource_name_dns_a_record_on_launch": false,
            "enable_resource_name_dns_aaaa_record_on_launch": false,
            "id": "subnet-066ff3f546d9b6d17",
            "ipv6_cidr_block": "",
            "ipv6_cidr_block_association_id": "",
            "ipv6_native": false,
            "map_customer_owned_ip_on_launch": false,
            "map_public_ip_on_launch": false,
            "outpost_arn": "",
            "owner_id": "192572148784",
            "private_dns_hostname_type_on_launch": "ip-name",
            "region": "us-east-1",
            "tags": {
              "Name": "terraform_private_subnet_2_OBLI"
            },
            "tags_all": {
              "Name": "terraform_private_subnet_2_OBLI"
            },
            "timeouts": null,
            "vpc_id": "vpc-04201966e1a317c24"
          },
          "sensitive_attributes": [],
          "identity_schema_version": 0,
          "identity": {
            "account_id": "192572148784",
            "id": "subnet-066ff3f546d9b6d17",
            "region": "us-east-1"
          },
          "private": "eyJlMmJmYjczMC1lY2FhLTExZTYtOGY4OC0zNDM2M2JjN2M0YzAiOnsiY3JlYXRlIjo2MDAwMDAwMDAwMDAsImRlbGV0ZSI6MTIwMDAwMDAwMDAwMH0sInNjaGVtYV92ZXJzaW9uIjoiMSJ9",
          "dependencies": [
            "module.vpc.aws_vpc.vpc"
          ]
        }
      ]
    },
    {
      "module": "module.networking",
      "mode": "managed",
      "type": "aws_subnet",
      "name": "public_subnet_1",
      "provider": "provider[\"registry.terraform.io/hashicorp/aws\"]",
      "instances": [
        {
          "schema_version": 1,
          "attributes": {
            "arn": "arn:aws:ec2:us-east-1:192572148784:subnet/subnet-0a3c2450f58bada7d",
            "assign_ipv6_address_on_creation": false,
            "availability_zone": "us-east-1a",
            "availability_zone_id": "use1-az1",
            "cidr_block": "10.0.10.0/24",
            "customer_owned_ipv4_pool": "",
            "enable_dns64": false,
            "enable_lni_at_device_index": 0,
            "enable_resource_name_dns_a_record_on_launch": false,
            "enable_resource_name_dns_aaaa_record_on_launch": false,
            "id": "subnet-0a3c2450f58bada7d",
            "ipv6_cidr_block": "",
            "ipv6_cidr_block_association_id": "",
            "ipv6_native": false,
            "map_customer_owned_ip_on_launch": false,
            "map_public_ip_on_launch": true,
            "outpost_arn": "",
            "owner_id": "192572148784",
            "private_dns_hostname_type_on_launch": "ip-name",
            "region": "us-east-1",
            "tags": {
              "Name": "public-subnet-1"
            },
            "tags_all": {
              "Name": "public-subnet-1"
            },
            "timeouts": null,
            "vpc_id": "vpc-04201966e1a317c24"
          },
          "sensitive_attributes": [],
          "identity_schema_version": 0,
          "identity": {
            "account_id": "192572148784",
            "id": "subnet-0a3c2450f58bada7d",
            "region": "us-east-1"
          },
          "private": "eyJlMmJmYjczMC1lY2FhLTExZTYtOGY4OC0zNDM2M2JjN2M0YzAiOnsiY3JlYXRlIjo2MDAwMDAwMDAwMDAsImRlbGV0ZSI6MTIwMDAwMDAwMDAwMH0sInNjaGVtYV92ZXJzaW9uIjoiMSJ9",
          "dependencies": [
            "module.vpc.aws_vpc.vpc"
          ]
        }
      ]
    },
    {
      "module": "module.networking",
      "mode": "managed",
      "type": "aws_subnet",
      "name": "public_subnet_2",
      "provider": "provider[\"registry.terraform.io/hashicorp/aws\"]",
      "instances": [
        {
          "schema_version": 1,
          "attributes": {
            "arn": "arn:aws:ec2:us-east-1:192572148784:subnet/subnet-0a36a1f5ee1ba8c95",
            "assign_ipv6_address_on_creation": false,
            "availability_zone": "us-east-1b",
            "availability_zone_id": "use1-az2",
            "cidr_block": "10.0.20.0/24",
            "customer_owned_ipv4_pool": "",
            "enable_dns64": false,
            "enable_lni_at_device_index": 0,
            "enable_resource_name_dns_a_record_on_launch": false,
            "enable_resource_name_dns_aaaa_record_on_launch": false,
            "id": "subnet-0a36a1f5ee1ba8c95",
            "ipv6_cidr_block": "",
            "ipv6_cidr_block_association_id": "",
            "ipv6_native": false,
            "map_customer_owned_ip_on_launch": false,
            "map_public_ip_on_launch": true,
            "outpost_arn": "",
            "owner_id": "192572148784",
            "private_dns_hostname_type_on_launch": "ip-name",
            "region": "us-east-1",
            "tags": {
              "Name": "public-subnet-2"
            },
            "tags_all": {
              "Name": "public-subnet-2"
            },
            "timeouts": null,
            "vpc_id": "vpc-04201966e1a317c24"
          },
          "sensitive_attributes": [],
          "identity_schema_version": 0,
          "identity": {
            "account_id": "192572148784",
            "id": "subnet-0a36a1f5ee1ba8c95",
            "region": "us-east-1"
          },
          "private": "eyJlMmJmYjczMC1lY2FhLTExZTYtOGY4OC0zNDM2M2JjN2M0YzAiOnsiY3JlYXRlIjo2MDAwMDAwMDAwMDAsImRlbGV0ZSI6MTIwMDAwMDAwMDAwMH0sInNjaGVtYV92ZXJzaW9uIjoiMSJ9",
          "dependencies": [
            "module.vpc.aws_vpc.vpc"
          ]
        }
      ]
    },
    {
      "module": "module.security_groups",
      "mode": "managed",
      "type": "aws_security_group",
      "name": "application_sg",
      "provider": "provider[\"registry.terraform.io/hashicorp/aws\"]",
      "instances": [
        {
          "schema_version": 1,
          "attributes": {
            "arn": "arn:aws:ec2:us-east-1:192572148784:security-group/sg-0d5d5d06e10d208ba",
            "description": "Managed by Terraform",
            "egress": [
              {
                "cidr_blocks": [
                  "0.0.0.0/0"
                ],
                "description": "",
                "from_port": 0,
                "ipv6_cidr_blocks": [],
                "prefix_list_ids": [],
                "protocol": "-1",
                "security_groups": [],
                "self": false,
                "to_port": 0
              }
            ],
            "id": "sg-0d5d5d06e10d208ba",
            "ingress": [
              {
                "cidr_blocks": [],
                "description": "HTTP desde ALB",
                "from_port": 80,
                "ipv6_cidr_blocks": [],
                "prefix_list_ids": [],
                "protocol": "tcp",
                "security_groups": [
                  "sg-0f3efc90ef5f2b057"
                ],
                "self": false,
                "to_port": 80
              }
            ],
            "name": "app_sg_OBLI",
            "name_prefix": "",
            "owner_id": "192572148784",
            "region": "us-east-1",
            "revoke_rules_on_delete": false,
            "tags": {
              "Name": "app_sg_OBLI"
            },
            "tags_all": {
              "Name": "app_sg_OBLI"
            },
            "timeouts": null,
            "vpc_id": "vpc-04201966e1a317c24"
          },
          "sensitive_attributes": [],
          "identity_schema_version": 0,
          "identity": {
            "account_id": "192572148784",
            "id": "sg-0d5d5d06e10d208ba",
            "region": "us-east-1"
          },
          "private": "eyJlMmJmYjczMC1lY2FhLTExZTYtOGY4OC0zNDM2M2JjN2M0YzAiOnsiY3JlYXRlIjo2MDAwMDAwMDAwMDAsImRlbGV0ZSI6OTAwMDAwMDAwMDAwfSwic2NoZW1hX3ZlcnNpb24iOiIxIn0=",
          "dependencies": [
            "module.security_groups.aws_security_group.load_balancer_sg",
            "module.vpc.aws_vpc.vpc"
          ]
        }
      ]
    },
    {
      "module": "module.security_groups",
      "mode": "managed",
      "type": "aws_security_group",
      "name": "data_base_sg",
      "provider": "provider[\"registry.terraform.io/hashicorp/aws\"]",
      "instances": [
        {
          "schema_version": 1,
          "attributes": {
            "arn": "arn:aws:ec2:us-east-1:192572148784:security-group/sg-07c12c7fc9cb7a22c",
            "description": "Managed by Terraform",
            "egress": [
              {
                "cidr_blocks": [
                  "0.0.0.0/0"
                ],
                "description": "",
                "from_port": 0,
                "ipv6_cidr_blocks": [],
                "prefix_list_ids": [],
                "protocol": "-1",
                "security_groups": [],
                "self": false,
                "to_port": 0
              }
            ],
            "id": "sg-07c12c7fc9cb7a22c",
            "ingress": [
              {
                "cidr_blocks": [],
                "description": "",
                "from_port": 3306,
                "ipv6_cidr_blocks": [],
                "prefix_list_ids": [],
                "protocol": "tcp",
                "security_groups": [
                  "sg-0d5d5d06e10d208ba"
                ],
                "self": false,
                "to_port": 3306
              }
            ],
            "name": "data_base_sg_OBLI",
            "name_prefix": "",
            "owner_id": "192572148784",
            "region": "us-east-1",
            "revoke_rules_on_delete": false,
            "tags": {
              "Name": "data_base_sg"
            },
            "tags_all": {
              "Name": "data_base_sg"
            },
            "timeouts": null,
            "vpc_id": "vpc-04201966e1a317c24"
          },
          "sensitive_attributes": [],
          "identity_schema_version": 0,
          "identity": {
            "account_id": "192572148784",
            "id": "sg-07c12c7fc9cb7a22c",
            "region": "us-east-1"
          },
          "private": "eyJlMmJmYjczMC1lY2FhLTExZTYtOGY4OC0zNDM2M2JjN2M0YzAiOnsiY3JlYXRlIjo2MDAwMDAwMDAwMDAsImRlbGV0ZSI6OTAwMDAwMDAwMDAwfSwic2NoZW1hX3ZlcnNpb24iOiIxIn0=",
          "dependencies": [
            "module.security_groups.aws_security_group.application_sg",
            "module.security_groups.aws_security_group.load_balancer_sg",
            "module.vpc.aws_vpc.vpc"
          ]
        }
      ]
    },
    {
      "module": "module.security_groups",
      "mode": "managed",
      "type": "aws_security_group",
      "name": "load_balancer_sg",
      "provider": "provider[\"registry.terraform.io/hashicorp/aws\"]",
      "instances": [
        {
          "schema_version": 1,
          "attributes": {
            "arn": "arn:aws:ec2:us-east-1:192572148784:security-group/sg-0f3efc90ef5f2b057",
            "description": "Security Group para el ALB",
            "egress": [
              {
                "cidr_blocks": [
                  "0.0.0.0/0"
                ],
                "description": "",
                "from_port": 0,
                "ipv6_cidr_blocks": [],
                "prefix_list_ids": [],
                "protocol": "-1",
                "security_groups": [],
                "self": false,
                "to_port": 0
              }
            ],
            "id": "sg-0f3efc90ef5f2b057",
            "ingress": [
              {
                "cidr_blocks": [
                  "0.0.0.0/0"
                ],
                "description": "HTTP desde Internet",
                "from_port": 80,
                "ipv6_cidr_blocks": [],
                "prefix_list_ids": [],
                "protocol": "tcp",
                "security_groups": [],
                "self": false,
                "to_port": 80
              }
            ],
            "name": "load_balancer_sg_OBLI",
            "name_prefix": "",
            "owner_id": "192572148784",
            "region": "us-east-1",
            "revoke_rules_on_delete": false,
            "tags": {
              "Name": "load_balancer_sg_OBLI"
            },
            "tags_all": {
              "Name": "load_balancer_sg_OBLI"
            },
            "timeouts": null,
            "vpc_id": "vpc-04201966e1a317c24"
          },
          "sensitive_attributes": [],
          "identity_schema_version": 0,
          "identity": {
            "account_id": "192572148784",
            "id": "sg-0f3efc90ef5f2b057",
            "region": "us-east-1"
          },
          "private": "eyJlMmJmYjczMC1lY2FhLTExZTYtOGY4OC0zNDM2M2JjN2M0YzAiOnsiY3JlYXRlIjo2MDAwMDAwMDAwMDAsImRlbGV0ZSI6OTAwMDAwMDAwMDAwfSwic2NoZW1hX3ZlcnNpb24iOiIxIn0=",
          "dependencies": [
            "module.vpc.aws_vpc.vpc"
          ]
        }
      ]
    },
    {
      "module": "module.vpc",
      "mode": "managed",
      "type": "aws_vpc",
      "name": "vpc",
      "provider": "provider[\"registry.terraform.io/hashicorp/aws\"]",
      "instances": [
        {
          "schema_version": 1,
          "attributes": {
            "arn": "arn:aws:ec2:us-east-1:192572148784:vpc/vpc-04201966e1a317c24",
            "assign_generated_ipv6_cidr_block": false,
            "cidr_block": "10.0.0.0/16",
            "default_network_acl_id": "acl-00eda49aa2d489f89",
            "default_route_table_id": "rtb-0e4886911cfeecf1c",
            "default_security_group_id": "sg-0350e75d1cf0f72cb",
            "dhcp_options_id": "dopt-01789d0e697c133f1",
            "enable_dns_hostnames": true,
            "enable_dns_support": true,
            "enable_network_address_usage_metrics": false,
            "id": "vpc-04201966e1a317c24",
            "instance_tenancy": "default",
            "ipv4_ipam_pool_id": null,
            "ipv4_netmask_length": null,
            "ipv6_association_id": "",
            "ipv6_cidr_block": "",
            "ipv6_cidr_block_network_border_group": "",
            "ipv6_ipam_pool_id": "",
            "ipv6_netmask_length": 0,
            "main_route_table_id": "rtb-0e4886911cfeecf1c",
            "owner_id": "192572148784",
            "region": "us-east-1",
            "tags": {
              "Name": "vpc_Obligatorio"
            },
            "tags_all": {
              "Name": "vpc_Obligatorio"
            }
          },
          "sensitive_attributes": [],
          "identity_schema_version": 0,
          "identity": {
            "account_id": "192572148784",
            "id": "vpc-04201966e1a317c24",
            "region": "us-east-1"
          },
          "private": "eyJzY2hlbWFfdmVyc2lvbiI6IjEifQ=="
        }
      ]
    }
  ],
  "check_results": null
}
